<Solution>
  <Configurations>
    <Platform Name="Any CPU" />
    <Platform Name="x64" />
    <Platform Name="x86" />
  </Configurations>
  <Folder Name="/.copilot/">
    <File Path=".copilot/copilot-instructions.md" />
    <File Path=".copilot/csharp.instructions.md" />
    <File Path=".copilot/design-patterns.instructions.md" />
    <File Path=".copilot/repo-standards.md" />
  </Folder>
  <Folder Name="/.github/">
    <File Path=".github/algorithms.instructions.md" />
    <File Path=".github/CSHARP-STANDARDS.md" />
    <File Path=".github/angular.instructions.md" />
    <File Path=".github/aspire.instructions.md" />
    <File Path=".github/bash.instructions.md" />
    <File Path=".github/cmd.instructions.md" />
    <File Path=".github/copilot-instructions.md" />
    <File Path=".github/csharp.instructions.md" />
    <File Path=".github/database.instructions.md" />
    <File Path=".github/design-patterns.instructions.md" />
    <File Path=".github/docker.instructions.md" />
    <File Path=".github/git.instructions.md" />
    <File Path=".github/graphql.instructions.md" />
    <File Path=".github/html.instructions.md" />
    <File Path=".github/integration.instructions.md" />
    <File Path=".github/javascript.instructions.md" />
    <File Path=".github/mlnet.instructions.md" />
    <File Path=".github/notebooks.instructions.md" />
    <File Path=".github/orleans.instructions.md" />
    <File Path=".github/playwright.instructions.md" />
    <File Path=".github/powershell.instructions.md" />
    <File Path=".github/python.instructions.md" />
    <File Path=".github/readme.md" />
    <File Path=".github/repo-standards.md" />
    <File Path=".github/skills-index.md" />
    <File Path=".github/sql.instructions.md" />
    <File Path=".github/testing.instructions.md" />
    <File Path=".github/utilities.instructions.md" />
    <File Path=".github/web.instructions.md" />
  </Folder>
  <Folder Name="/.github/instructions/">
    <File Path=".github/instructions/algorithms.instructions.md" />
    <File Path=".github/instructions/angular.instructions.md" />
    <File Path=".github/instructions/aspire.instructions.md" />
    <File Path=".github/instructions/bash.instructions.md" />
    <File Path=".github/instructions/cmd.instructions.md" />
    <File Path=".github/instructions/controller-pattern.instructions.md" />
    <File Path=".github/instructions/copilot-instructions.md" />
    <File Path=".github/instructions/csharp.instructions.md" />
    <File Path=".github/instructions/database.instructions.md" />
    <File Path=".github/instructions/design-patterns.instructions.md" />
    <File Path=".github/instructions/docker.instructions.md" />
    <File Path=".github/instructions/documentation-governance.instructions.md" />
    <File Path=".github/instructions/frontmatter-standard.instructions.md" />
    <File Path=".github/instructions/git.instructions.md" />
    <File Path=".github/instructions/graphql.instructions.md" />
    <File Path=".github/instructions/html.instructions.md" />
    <File Path=".github/instructions/integration.instructions.md" />
    <File Path=".github/instructions/javascript.instructions.md" />
    <File Path=".github/instructions/mlnet.instructions.md" />
    <File Path=".github/instructions/notebooks.instructions.md" />
    <File Path=".github/instructions/orleans.instructions.md" />
    <File Path=".github/instructions/playwright.instructions.md" />
    <File Path=".github/instructions/powershell.instructions.md" />
    <File Path=".github/instructions/python.instructions.md" />
    <File Path=".github/instructions/sql.instructions.md" />
    <File Path=".github/instructions/streaming-api-json-seq.instructions.md" />
    <File Path=".github/instructions/streaming-api-problem-details.instructions.md" />
    <File Path=".github/instructions/testing.instructions.md" />
    <File Path=".github/instructions/utilities.instructions.md" />
    <File Path=".github/instructions/web.instructions.md" />
  </Folder>
  <Folder Name="/.github/prompts/">
    <File Path=".github/prompts/angular-vue-migration-plan.prompt.md" />
    <File Path=".github/prompts/build-perf.prompt.md" />
    <File Path=".github/prompts/code-testing-builder.prompt.md" />
    <File Path=".github/prompts/code-testing-fixer.prompt.md" />
    <File Path=".github/prompts/code-testing-generator.prompt.md" />
    <File Path=".github/prompts/code-testing-implementer.prompt.md" />
    <File Path=".github/prompts/code-testing-linter.prompt.md" />
    <File Path=".github/prompts/code-testing-planner.prompt.md" />
    <File Path=".github/prompts/code-testing-researcher.prompt.md" />
    <File Path=".github/prompts/code-testing-tester.prompt.md" />
    <File Path=".github/prompts/documentation-remediation-sweep.prompt.md" />
    <File Path=".github/prompts/fems-iet-builder-migration.prompt.md" />
    <File Path=".github/prompts/msbuild-code-review.prompt.md" />
    <File Path=".github/prompts/msbuild.prompt.md" />
    <File Path=".github/prompts/optimize-skill-suite.prompt.md" />
    <File Path=".github/prompts/optimizing-dotnet-performance.prompt.md" />
    <File Path=".github/prompts/rapid-angular-vue-migration.prompt.md" />
    <File Path=".github/prompts/README.md" />
    <File Path=".github/prompts/template-engine.prompt.md" />
    <File Path=".github/prompts/test-quality-auditor.prompt.md" />
    <File Path=".github/prompts/testability-migration.prompt.md" />
    <File Path=".github/prompts/transform-requirements-to-ste.prompt.md" />
    <File Path=".github/prompts/unit-test-generation.prompt.md" />
    <File Path=".github/prompts/vbd-candidate-red-team.prompt.md" />
    <File Path=".github/prompts/vbd-candidate-synthesis.prompt.md" />
    <File Path=".github/prompts/vbd-conformance-planning.prompt.md" />
    <File Path=".github/prompts/vbd-cutover-readiness.prompt.md" />
    <File Path=".github/prompts/vbd-design-review.prompt.md" />
    <File Path=".github/prompts/vbd-developer-decision.prompt.md" />
    <File Path=".github/prompts/vbd-evidence-collection.prompt.md" />
    <File Path=".github/prompts/vbd-independent-candidate.prompt.md" />
    <File Path=".github/prompts/vbd-migration-rehearsal.prompt.md" />
    <File Path=".github/prompts/vbd-modernization-planning.prompt.md" />
    <File Path=".github/prompts/vbd-portfolio-review.prompt.md" />
    <File Path=".github/prompts/vbd-quick-hints.prompt.md" />
    <File Path=".github/prompts/vbd-resume-checkpoint.prompt.md" />
    <File Path=".github/prompts/vbd-selected-construction.prompt.md" />
  </Folder>
  <Folder Name="/.github/skills/">
    <File Path=".github/skills/accounting-systems-bundle/SKILL.md" />
    <File Path=".github/skills/adjustment-entry-patterns/references/adjustment-implementation.md" />
    <File Path=".github/skills/adjustment-entry-patterns/SKILL.md" />
    <File Path=".github/skills/agent-instruction-governance/SKILL.md" />
    <File Path=".github/skills/ai-integration-bundle/SKILL.md" />
    <File Path=".github/skills/analyzing-dotnet-performance/references/async-patterns.md" />
    <File Path=".github/skills/analyzing-dotnet-performance/references/collections-and-linq.md" />
    <File Path=".github/skills/analyzing-dotnet-performance/references/critical-patterns.md" />
    <File Path=".github/skills/analyzing-dotnet-performance/references/io-and-serialization.md" />
    <File Path=".github/skills/analyzing-dotnet-performance/references/memory-and-strings.md" />
    <File Path=".github/skills/analyzing-dotnet-performance/references/regex-patterns.md" />
    <File Path=".github/skills/analyzing-dotnet-performance/references/structural-patterns.md" />
    <File Path=".github/skills/analyzing-dotnet-performance/SKILL.md" />
    <File Path=".github/skills/angular-anti-patterns/SKILL.md" />
    <File Path=".github/skills/angular-modernization/SKILL.md" />
    <File Path=".github/skills/angular-security-hardening/SKILL.md" />
    <File Path=".github/skills/angular-to-vue3-migration/SKILL.md" />
    <File Path=".github/skills/angular-vue-migration-orchestrator/SKILL.md" />
    <File Path=".github/skills/antipattern-detection-bundle/SKILL.md" />
    <File Path=".github/skills/api-gateway-patterns/SKILL.md" />
    <File Path=".github/skills/api-infrastructure-bundle/SKILL.md" />
    <File Path=".github/skills/api-versioning-aspnetcore/SKILL.md" />
    <File Path=".github/skills/application-insights-dotnet/SKILL.md" />
    <File Path=".github/skills/appropriation-lifecycle-patterns/references/appropriation-control-patterns.md" />
    <File Path=".github/skills/appropriation-lifecycle-patterns/SKILL.md" />
    <File Path=".github/skills/architectural-decision-debate/SKILL.md" />
    <File Path=".github/skills/architectural-pattern-tipping-point/references/code-analysis-patterns.md" />
    <File Path=".github/skills/architectural-pattern-tipping-point/SKILL.md" />
    <File Path=".github/skills/aspire-components/SKILL.md" />
    <File Path=".github/skills/aspire-orchestration/SKILL.md" />
    <File Path=".github/skills/aspnetcore-identity-setup/SKILL.md" />
    <File Path=".github/skills/assertion-quality/SKILL.md" />
    <File Path=".github/skills/audit-trail-compliance/SKILL.md" />
    <File Path=".github/skills/azure-ad-authentication-dotnet/references/auth-flow-patterns.md" />
    <File Path=".github/skills/azure-ad-authentication-dotnet/SKILL.md" />
    <File Path=".github/skills/azure-ai-services/SKILL.md" />
    <File Path=".github/skills/azure-app-configuration-dotnet/SKILL.md" />
    <File Path=".github/skills/azure-functions-dotnet/SKILL.md" />
    <File Path=".github/skills/azure-keyvault-dotnet/SKILL.md" />
    <File Path=".github/skills/azure-service-bus-patterns/SKILL.md" />
    <File Path=".github/skills/azure-storage-dotnet/SKILL.md" />
    <File Path=".github/skills/background-services-channels/SKILL.md" />
    <File Path=".github/skills/binlog-failure-analysis/SKILL.md" />
    <File Path=".github/skills/binlog-generation/SKILL.md" />
    <File Path=".github/skills/blazor-patterns/references/fluent2-implementation-patterns.md" />
    <File Path=".github/skills/blazor-patterns/SKILL.md" />
    <File Path=".github/skills/breaking-primitive-obsession/SKILL.md" />
    <File Path=".github/skills/budget-to-actual-tracking/SKILL.md" />
    <File Path=".github/skills/build-parallelism/SKILL.md" />
    <File Path=".github/skills/build-perf-baseline/SKILL.md" />
    <File Path=".github/skills/build-perf-diagnostics/SKILL.md" />
    <File Path=".github/skills/business-glossary-metadata/SKILL.md" />
    <File Path=".github/skills/ca-code-quality-fixes/SKILL.md" />
    <File Path=".github/skills/ca-design-quality-fixes/SKILL.md" />
    <File Path=".github/skills/ca-perf-reliability-fixes/SKILL.md" />
    <File Path=".github/skills/caching-patterns-dotnet/SKILL.md" />
    <File Path=".github/skills/cdc-batch-import-patterns/SKILL.md" />
    <File Path=".github/skills/cdc-file-validation/SKILL.md" />
    <File Path=".github/skills/cdc-uniqueness-enforcement/SKILL.md" />
    <File Path=".github/skills/cgi-advantage-integration/references/integration-reference.md" />
    <File Path=".github/skills/cgi-advantage-integration/SKILL.md" />
    <File Path=".github/skills/cgi-advantage-reporting/references/reporting-surfaces.md" />
    <File Path=".github/skills/cgi-advantage-reporting/SKILL.md" />
    <File Path=".github/skills/chart-of-accounts-design/references/coa-implementation.md" />
    <File Path=".github/skills/chart-of-accounts-design/SKILL.md" />
    <File Path=".github/skills/check-bin-obj-clash/SKILL.md" />
    <File Path=".github/skills/closing-cycle-patterns/references/close-checklist.md" />
    <File Path=".github/skills/closing-cycle-patterns/SKILL.md" />
    <File Path=".github/skills/clr-activation-debugging/references/activation-flow.md" />
    <File Path=".github/skills/clr-activation-debugging/references/com-activation.md" />
    <File Path=".github/skills/clr-activation-debugging/references/log-format.md" />
    <File Path=".github/skills/clr-activation-debugging/SKILL.md" />
    <File Path=".github/skills/code-smell-detection/references/duplicated-code.md" />
    <File Path=".github/skills/code-smell-detection/references/long-method.md" />
    <File Path=".github/skills/code-smell-detection/SKILL.md" />
    <File Path=".github/skills/code-testing-agent/SKILL.md" />
    <File Path=".github/skills/code-testing-extensions/extensions/cpp-examples.md" />
    <File Path=".github/skills/code-testing-extensions/extensions/cpp.md" />
    <File Path=".github/skills/code-testing-extensions/extensions/dotnet-examples.md" />
    <File Path=".github/skills/code-testing-extensions/extensions/dotnet.md" />
    <File Path=".github/skills/code-testing-extensions/extensions/go-examples.md" />
    <File Path=".github/skills/code-testing-extensions/extensions/go.md" />
    <File Path=".github/skills/code-testing-extensions/extensions/java-examples.md" />
    <File Path=".github/skills/code-testing-extensions/extensions/java.md" />
    <File Path=".github/skills/code-testing-extensions/extensions/kotlin-examples.md" />
    <File Path=".github/skills/code-testing-extensions/extensions/kotlin.md" />
    <File Path=".github/skills/code-testing-extensions/extensions/powershell-examples.md" />
    <File Path=".github/skills/code-testing-extensions/extensions/powershell.md" />
    <File Path=".github/skills/code-testing-extensions/extensions/python-examples.md" />
    <File Path=".github/skills/code-testing-extensions/extensions/python.md" />
    <File Path=".github/skills/code-testing-extensions/extensions/ruby-examples.md" />
    <File Path=".github/skills/code-testing-extensions/extensions/ruby.md" />
    <File Path=".github/skills/code-testing-extensions/extensions/rust-examples.md" />
    <File Path=".github/skills/code-testing-extensions/extensions/rust.md" />
    <File Path=".github/skills/code-testing-extensions/extensions/swift.md" />
    <File Path=".github/skills/code-testing-extensions/extensions/typescript-examples.md" />
    <File Path=".github/skills/code-testing-extensions/extensions/typescript.md" />
    <File Path=".github/skills/code-testing-extensions/SKILL.md" />
    <File Path=".github/skills/commands-behaviors-patterns/SKILL.md" />
    <File Path=".github/skills/communitytoolkit-mvvm/references/generator-examples.md" />
    <File Path=".github/skills/communitytoolkit-mvvm/SKILL.md" />
    <File Path=".github/skills/configuration-options-pattern/SKILL.md" />
    <File Path=".github/skills/configuring-opentelemetry-dotnet/SKILL.md" />
    <File Path=".github/skills/convert-blazor-server-to-webapp/SKILL.md" />
    <File Path=".github/skills/convert-to-cpm/references/audit-complexities.md" />
    <File Path=".github/skills/convert-to-cpm/references/baseline-comparison.md" />
    <File Path=".github/skills/convert-to-cpm/references/directory-packages-props.md" />
    <File Path=".github/skills/convert-to-cpm/references/msbuild-property-handling.md" />
    <File Path=".github/skills/convert-to-cpm/references/validation-and-errors.md" />
    <File Path=".github/skills/convert-to-cpm/SKILL.md" />
    <File Path=".github/skills/copybook-data-conversion/SKILL.md" />
    <File Path=".github/skills/copybook-to-dotnet/SKILL.md" />
    <File Path=".github/skills/cors-configuration-aspnetcore/SKILL.md" />
    <File Path=".github/skills/coverage-analysis/references/guidelines.md" />
    <File Path=".github/skills/coverage-analysis/references/output-format.md" />
    <File Path=".github/skills/coverage-analysis/SKILL.md" />
    <File Path=".github/skills/cqrs-patterns-dotnet/SKILL.md" />
    <File Path=".github/skills/crap-score/SKILL.md" />
    <File Path=".github/skills/create-skill/SKILL.md" />
    <File Path=".github/skills/critical-infrastructure-bundle/SKILL.md" />
    <File Path=".github/skills/cs8794-fix/SKILL.md" />
    <File Path=".github/skills/csharp-scripts/SKILL.md" />
    <File Path=".github/skills/csv-ingestion-diagnostics/SKILL.md" />
    <File Path=".github/skills/cwe-authentication-authz-fixes/SKILL.md" />
    <File Path=".github/skills/cwe-data-protection-fixes/SKILL.md" />
    <File Path=".github/skills/cwe-format-external-fixes/SKILL.md" />
    <File Path=".github/skills/cwe-injection-attack-fixes/SKILL.md" />
    <File Path=".github/skills/cwe-input-validation-fixes/SKILL.md" />
    <File Path=".github/skills/cwe-miscellaneous-security-fixes/SKILL.md" />
    <File Path=".github/skills/cwe-resource-management-fixes/SKILL.md" />
    <File Path=".github/skills/data-contract-frontmatter/SKILL.md" />
    <File Path=".github/skills/data-lineage/SKILL.md" />
    <File Path=".github/skills/data-quality-reporting/SKILL.md" />
    <File Path=".github/skills/data-window-validation/SKILL.md" />
    <File Path=".github/skills/databinding-patterns/SKILL.md" />
    <File Path=".github/skills/dependency-injection-patterns/SKILL.md" />
    <File Path=".github/skills/design-smell-detection/SKILL.md" />
    <File Path=".github/skills/detect-static-dependencies/SKILL.md" />
    <File Path=".github/skills/directory-build-organization/references/common-patterns.md" />
    <File Path=".github/skills/directory-build-organization/references/multi-level-examples.md" />
    <File Path=".github/skills/directory-build-organization/references/targetframework-props-pitfall.md" />
    <File Path=".github/skills/directory-build-organization/SKILL.md" />
    <File Path=".github/skills/docker-dotnet/SKILL.md" />
    <File Path=".github/skills/documentation-file-placement/SKILL.md" />
    <File Path=".github/skills/documentation-fixes-bundle/SKILL.md" />
    <File Path=".github/skills/documentation-fixes/references/add-and-maintain-docs.md" />
    <File Path=".github/skills/documentation-fixes/references/instruction-location-governance.md" />
    <File Path=".github/skills/documentation-fixes/references/post-implementation-cleanup-docs.md" />
    <File Path=".github/skills/documentation-fixes/references/refactor-and-consolidate-docs.md" />
    <File Path=".github/skills/documentation-fixes/SKILL.md" />
    <File Path=".github/skills/documentation-frontmatter/SKILL.md" />
    <File Path=".github/skills/documentation-governance/SKILL.md" />
    <File Path=".github/skills/documentation-link-repair/SKILL.md" />
    <File Path=".github/skills/documentation-maintenance/SKILL.md" />
    <File Path=".github/skills/documentation-refactor-review/SKILL.md" />
    <File Path=".github/skills/documentation-style-collaboration/SKILL.md" />
    <File Path=".github/skills/domain-events-dotnet/SKILL.md" />
    <File Path=".github/skills/dotnet-access-standards/SKILL.md" />
    <File Path=".github/skills/dotnet-aot-compat/references/polyfills.md" />
    <File Path=".github/skills/dotnet-aot-compat/SKILL.md" />
    <File Path=".github/skills/dotnet-api-client-generation/SKILL.md" />
    <File Path=".github/skills/dotnet-api-client-resilience/SKILL.md" />
    <File Path=".github/skills/dotnet-architectural-layers/SKILL.md" />
    <File Path=".github/skills/dotnet-aspire-vbd-development/SKILL.md" />
    <File Path=".github/skills/dotnet-async-await-standards/SKILL.md" />
    <File Path=".github/skills/dotnet-cancellation-token-standards/SKILL.md" />
    <File Path=".github/skills/dotnet-code-quality-standards/SKILL.md" />
    <File Path=".github/skills/dotnet-code-review/SKILL.md" />
    <File Path=".github/skills/dotnet-dependency-injection-standards/SKILL.md" />
    <File Path=".github/skills/dotnet-dto-standards/SKILL.md" />
    <File Path=".github/skills/dotnet-engine-standards/SKILL.md" />
    <File Path=".github/skills/dotnet-exception-handling-standards/SKILL.md" />
    <File Path=".github/skills/dotnet-immutability-standards/SKILL.md" />
    <File Path=".github/skills/dotnet-logging-best-practices/SKILL.md" />
    <File Path=".github/skills/dotnet-logging-standards/SKILL.md" />
    <File Path=".github/skills/dotnet-manager-standards/SKILL.md" />
    <File Path=".github/skills/dotnet-mapping-standards/SKILL.md" />
    <File Path=".github/skills/dotnet-namespace-standards/SKILL.md" />
    <File Path=".github/skills/dotnet-naming-standards/SKILL.md" />
    <File Path=".github/skills/dotnet-performance-standards/SKILL.md" />
    <File Path=".github/skills/dotnet-pinvoke/references/diagnostics.md" />
    <File Path=".github/skills/dotnet-pinvoke/references/type-mapping.md" />
    <File Path=".github/skills/dotnet-pinvoke/SKILL.md" />
    <File Path=".github/skills/dotnet-resilience-standards/SKILL.md" />
    <File Path=".github/skills/dotnet-telemetry-standards/SKILL.md" />
    <File Path=".github/skills/dotnet-trace-collect/references/dotnet-monitor.md" />
    <File Path=".github/skills/dotnet-trace-collect/references/dotnet-trace-collect-linux.md" />
    <File Path=".github/skills/dotnet-trace-collect/references/dotnet-trace-collect.md" />
    <File Path=".github/skills/dotnet-trace-collect/references/perfcollect.md" />
    <File Path=".github/skills/dotnet-trace-collect/references/perfview.md" />
    <File Path=".github/skills/dotnet-trace-collect/SKILL.md" />
    <File Path=".github/skills/dotnet-unit-testing/references/test-patterns.md" />
    <File Path=".github/skills/dotnet-unit-testing/references/workflow-testing.md" />
    <File Path=".github/skills/dotnet-unit-testing/SKILL.md" />
    <File Path=".github/skills/dotnet-validation-standards/SKILL.md" />
    <File Path=".github/skills/dotnet-value-object-standards/SKILL.md" />
    <File Path=".github/skills/dotnet-webapi/SKILL.md" />
    <File Path=".github/skills/double-entry-accounting/references/accounting-equation-patterns.md" />
    <File Path=".github/skills/double-entry-accounting/SKILL.md" />
    <File Path=".github/skills/dump-collect/references/container-dumps.md" />
    <File Path=".github/skills/dump-collect/references/coreclr-dumps.md" />
    <File Path=".github/skills/dump-collect/references/nativeaot-dumps.md" />
    <File Path=".github/skills/dump-collect/SKILL.md" />
    <File Path=".github/skills/efcore-dbcontext-design/SKILL.md" />
    <File Path=".github/skills/efcore-migrations/SKILL.md" />
    <File Path=".github/skills/efcore-testing-patterns/SKILL.md" />
    <File Path=".github/skills/env-provider-skill/SKILL.md" />
    <File Path=".github/skills/eval-performance/SKILL.md" />
    <File Path=".github/skills/event-sourcing-patterns/SKILL.md" />
    <File Path=".github/skills/exp-mock-usage-analysis/SKILL.md" />
    <File Path=".github/skills/exp-simd-vectorization/SKILL.md" />
    <File Path=".github/skills/exp-test-maintainability/SKILL.md" />
    <File Path=".github/skills/extension-points/SKILL.md" />
    <File Path=".github/skills/fabric-copilot-studio/SKILL.md" />
    <File Path=".github/skills/fabric-data-activator/SKILL.md" />
    <File Path=".github/skills/fabric-data-factory-patterns/SKILL.md" />
    <File Path=".github/skills/fabric-data-science/SKILL.md" />
    <File Path=".github/skills/fabric-integration-bundle/SKILL.md" />
    <File Path=".github/skills/fabric-iq-ontology/SKILL.md" />
    <File Path=".github/skills/fabric-kql-diagnostics/SKILL.md" />
    <File Path=".github/skills/fabric-lakehouse-ingestion/SKILL.md" />
    <File Path=".github/skills/fabric-lakehouses/SKILL.md" />
    <File Path=".github/skills/fabric-medallion-architecture/SKILL.md" />
    <File Path=".github/skills/fabric-notebooks-spark/SKILL.md" />
    <File Path=".github/skills/fabric-onelake-patterns/SKILL.md" />
    <File Path=".github/skills/fabric-pipeline-diagnostics/SKILL.md" />
    <File Path=".github/skills/fabric-powerbi-integration/SKILL.md" />
    <File Path=".github/skills/fabric-realtime-analytics/SKILL.md" />
    <File Path=".github/skills/fabric-semantic-model-builder/SKILL.md" />
    <File Path=".github/skills/fabric-shortcuts-mirroring/SKILL.md" />
    <File Path=".github/skills/fabric-synapse-analytics/SKILL.md" />
    <File Path=".github/skills/fabric-workspaces-governance/SKILL.md" />
    <File Path=".github/skills/filter-syntax/SKILL.md" />
    <File Path=".github/skills/financial-reporting-gaap/SKILL.md" />
    <File Path=".github/skills/find-untested-sources/SKILL.md" />
    <File Path=".github/skills/fluent-design-system/SKILL.md" />
    <File Path=".github/skills/fluent2-design-comprehensive/SKILL.md" />
    <File Path=".github/skills/frontend-module-consolidation/SKILL.md" />
    <File Path=".github/skills/fund-accounting-patterns/references/state-and-balance-reference.md" />
    <File Path=".github/skills/fund-accounting-patterns/SKILL.md" />
    <File Path=".github/skills/generate-testability-wrappers/SKILL.md" />
    <File Path=".github/skills/global-error-log-library/SKILL.md" />
    <File Path=".github/skills/global-exception-handling/SKILL.md" />
    <File Path=".github/skills/grade-tests/SKILL.md" />
    <File Path=".github/skills/graphql-dotnet/SKILL.md" />
    <File Path=".github/skills/health-checks-aspnetcore/SKILL.md" />
    <File Path=".github/skills/ifx-component-communication/SKILL.md" />
    <File Path=".github/skills/including-generated-files/SKILL.md" />
    <File Path=".github/skills/incremental-build/SKILL.md" />
    <File Path=".github/skills/interfund-accounting-patterns/references/interfund-implementation.md" />
    <File Path=".github/skills/interfund-accounting-patterns/SKILL.md" />
    <File Path=".github/skills/item-management/SKILL.md" />
    <File Path=".github/skills/journal-entry-patterns/SKILL.md" />
    <File Path=".github/skills/jwt-authentication-dotnet/SKILL.md" />
    <File Path=".github/skills/knowledge-graph-patterns/SKILL.md" />
    <File Path=".github/skills/kubernetes-dotnet/SKILL.md" />
    <File Path=".github/skills/ledger-balance-anomaly/SKILL.md" />
    <File Path=".github/skills/legacy-trains-migration/references/domain-reference.md" />
    <File Path=".github/skills/legacy-trains-migration/SKILL.md" />
    <File Path=".github/skills/long-running-job-patterns/SKILL.md" />
    <File Path=".github/skills/magic-strings/SKILL.md" />
    <File Path=".github/skills/mainframe-copybook-parsing/SKILL.md" />
    <File Path=".github/skills/mainframe-integration-bundle/SKILL.md" />
    <File Path=".github/skills/maui-patterns/references/fluent2-implementation-patterns.md" />
    <File Path=".github/skills/maui-patterns/SKILL.md" />
    <File Path=".github/skills/mcp-csharp-create/references/api-patterns.md" />
    <File Path=".github/skills/mcp-csharp-create/references/transport-config.md" />
    <File Path=".github/skills/mcp-csharp-create/SKILL.md" />
    <File Path=".github/skills/mcp-csharp-debug/references/ide-config.md" />
    <File Path=".github/skills/mcp-csharp-debug/references/mcp-inspector.md" />
    <File Path=".github/skills/mcp-csharp-debug/SKILL.md" />
    <File Path=".github/skills/mcp-csharp-publish/references/docker-azure.md" />
    <File Path=".github/skills/mcp-csharp-publish/references/mcp-registry.md" />
    <File Path=".github/skills/mcp-csharp-publish/references/nuget-packaging.md" />
    <File Path=".github/skills/mcp-csharp-publish/SKILL.md" />
    <File Path=".github/skills/mcp-csharp-test/references/evaluations.md" />
    <File Path=".github/skills/mcp-csharp-test/references/test-patterns.md" />
    <File Path=".github/skills/mcp-csharp-test/SKILL.md" />
    <File Path=".github/skills/mcp-integration-patterns/references/runtime-catalog.md" />
    <File Path=".github/skills/mcp-integration-patterns/SKILL.md" />
    <File Path=".github/skills/message-patterns-dotnet/SKILL.md" />
    <File Path=".github/skills/messaging-patterns-bundle/SKILL.md" />
    <File Path=".github/skills/method-signature-conventions/SKILL.md" />
    <File Path=".github/skills/microbenchmarking/references/bdn-internals-and-tuning.md" />
    <File Path=".github/skills/microbenchmarking/references/comparison-strategies.md" />
    <File Path=".github/skills/microbenchmarking/references/diagnosers-and-exporters.md" />
    <File Path=".github/skills/microbenchmarking/references/project-setup-and-running.md" />
    <File Path=".github/skills/microbenchmarking/references/writing-benchmarks.md" />
    <File Path=".github/skills/microbenchmarking/SKILL.md" />
    <File Path=".github/skills/middleware-authoring-aspnetcore/SKILL.md" />
    <File Path=".github/skills/migrate-dotnet10-to-dotnet11/references/aspnetcore-dotnet10to11.md" />
    <File Path=".github/skills/migrate-dotnet10-to-dotnet11/references/core-libraries-dotnet10to11.md" />
    <File Path=".github/skills/migrate-dotnet10-to-dotnet11/references/cryptography-dotnet10to11.md" />
    <File Path=".github/skills/migrate-dotnet10-to-dotnet11/references/csharp-compiler-dotnet10to11.md" />
    <File Path=".github/skills/migrate-dotnet10-to-dotnet11/references/efcore-dotnet10to11.md" />
    <File Path=".github/skills/migrate-dotnet10-to-dotnet11/references/runtime-jit-dotnet10to11.md" />
    <File Path=".github/skills/migrate-dotnet10-to-dotnet11/references/sdk-msbuild-dotnet10to11.md" />
    <File Path=".github/skills/migrate-dotnet10-to-dotnet11/SKILL.md" />
    <File Path=".github/skills/migrate-dotnet8-to-dotnet9/references/aspnet-core-dotnet8to9.md" />
    <File Path=".github/skills/migrate-dotnet8-to-dotnet9/references/containers-interop-dotnet8to9.md" />
    <File Path=".github/skills/migrate-dotnet8-to-dotnet9/references/core-libraries-dotnet8to9.md" />
    <File Path=".github/skills/migrate-dotnet8-to-dotnet9/references/cryptography-dotnet8to9.md" />
    <File Path=".github/skills/migrate-dotnet8-to-dotnet9/references/csharp-compiler-dotnet8to9.md" />
    <File Path=".github/skills/migrate-dotnet8-to-dotnet9/references/deployment-runtime-dotnet8to9.md" />
    <File Path=".github/skills/migrate-dotnet8-to-dotnet9/references/efcore-dotnet8to9.md" />
    <File Path=".github/skills/migrate-dotnet8-to-dotnet9/references/sdk-msbuild-dotnet8to9.md" />
    <File Path=".github/skills/migrate-dotnet8-to-dotnet9/references/serialization-networking-dotnet8to9.md" />
    <File Path=".github/skills/migrate-dotnet8-to-dotnet9/references/winforms-wpf-dotnet8to9.md" />
    <File Path=".github/skills/migrate-dotnet8-to-dotnet9/SKILL.md" />
    <File Path=".github/skills/migrate-dotnet9-to-dotnet10/references/aspnet-core-dotnet9to10.md" />
    <File Path=".github/skills/migrate-dotnet9-to-dotnet10/references/containers-interop-dotnet9to10.md" />
    <File Path=".github/skills/migrate-dotnet9-to-dotnet10/references/core-libraries-dotnet9to10.md" />
    <File Path=".github/skills/migrate-dotnet9-to-dotnet10/references/cryptography-dotnet9to10.md" />
    <File Path=".github/skills/migrate-dotnet9-to-dotnet10/references/csharp-compiler-dotnet9to10.md" />
    <File Path=".github/skills/migrate-dotnet9-to-dotnet10/references/efcore-dotnet9to10.md" />
    <File Path=".github/skills/migrate-dotnet9-to-dotnet10/references/extensions-hosting-dotnet9to10.md" />
    <File Path=".github/skills/migrate-dotnet9-to-dotnet10/references/sdk-msbuild-dotnet9to10.md" />
    <File Path=".github/skills/migrate-dotnet9-to-dotnet10/references/serialization-networking-dotnet9to10.md" />
    <File Path=".github/skills/migrate-dotnet9-to-dotnet10/references/winforms-wpf-dotnet9to10.md" />
    <File Path=".github/skills/migrate-dotnet9-to-dotnet10/SKILL.md" />
    <File Path=".github/skills/migrate-mstest-v1v2-to-v3/SKILL.md" />
    <File Path=".github/skills/migrate-mstest-v3-to-v4/SKILL.md" />
    <File Path=".github/skills/migrate-nullable-references/references/aspnet-core.md" />
    <File Path=".github/skills/migrate-nullable-references/references/breaking-changes.md" />
    <File Path=".github/skills/migrate-nullable-references/references/ef-core.md" />
    <File Path=".github/skills/migrate-nullable-references/references/nullable-attributes.md" />
    <File Path=".github/skills/migrate-nullable-references/SKILL.md" />
    <File Path=".github/skills/migrate-static-to-wrapper/SKILL.md" />
    <File Path=".github/skills/minimal-api-file-upload/SKILL.md" />
    <File Path=".github/skills/msbuild-antipatterns/references/additional-antipatterns.md" />
    <File Path=".github/skills/msbuild-antipatterns/references/incremental-build-inputs-outputs.md" />
    <File Path=".github/skills/msbuild-antipatterns/references/private-assets.md" />
    <File Path=".github/skills/msbuild-antipatterns/SKILL.md" />
    <File Path=".github/skills/msbuild-modernization/SKILL.md" />
    <File Path=".github/skills/msbuild-server/SKILL.md" />
    <File Path=".github/skills/mtp-hot-reload/SKILL.md" />
    <File Path=".github/skills/multi-currency-accounting/references/fx-implementation.md" />
    <File Path=".github/skills/multi-currency-accounting/SKILL.md" />
    <File Path=".github/skills/mvvm-patterns-dotnet/SKILL.md" />
    <File Path=".github/skills/mvvm-source-generators/references/authoring-examples.md" />
    <File Path=".github/skills/mvvm-source-generators/SKILL.md" />
    <File Path=".github/skills/mvvm-testing-patterns/references/testing-examples.md" />
    <File Path=".github/skills/mvvm-testing-patterns/SKILL.md" />
    <File Path=".github/skills/mvvm-toolkit-bundle/SKILL.md" />
    <File Path=".github/skills/naming-standards/SKILL.md" />
    <File Path=".github/skills/nlp-to-query-translation/SKILL.md" />
    <File Path=".github/skills/nuget-trusted-publishing/references/package-types.md" />
    <File Path=".github/skills/nuget-trusted-publishing/references/publish-workflow.md" />
    <File Path=".github/skills/nuget-trusted-publishing/SKILL.md" />
    <File Path=".github/skills/ontology-design-patterns/references/accounting-ontologies.md" />
    <File Path=".github/skills/ontology-design-patterns/references/reasoning-examples.md" />
    <File Path=".github/skills/ontology-design-patterns/SKILL.md" />
    <File Path=".github/skills/openapi-typescript-client-generation/SKILL.md" />
    <File Path=".github/skills/optimizing-ef-core-queries/SKILL.md" />
    <File Path=".github/skills/orleans-distributed-bundle/SKILL.md" />
    <File Path=".github/skills/orleans-patterns/SKILL.md" />
    <File Path=".github/skills/orleans-virtual-actors/SKILL.md" />
    <File Path=".github/skills/performance-antipatterns/references/busy-database.md" />
    <File Path=".github/skills/performance-antipatterns/references/chatty-io.md" />
    <File Path=".github/skills/performance-antipatterns/references/synchronous-io.md" />
    <File Path=".github/skills/performance-antipatterns/SKILL.md" />
    <File Path=".github/skills/platform-detection/SKILL.md" />
    <File Path=".github/skills/post-implementation-cleanup/SKILL.md" />
    <File Path=".github/skills/prism-framework-patterns/references/framework-comparison-and-examples.md" />
    <File Path=".github/skills/prism-framework-patterns/SKILL.md" />
    <File Path=".github/skills/property-patterns/SKILL.md" />
    <File Path=".github/skills/public-sector-accounting/SKILL.md" />
    <File Path=".github/skills/quartz-calendar-schedules/SKILL.md" />
    <File Path=".github/skills/quartz-job-authoring/SKILL.md" />
    <File Path=".github/skills/quartz-scheduling-patterns/SKILL.md" />
    <File Path=".github/skills/rabbitmq-patterns/SKILL.md" />
    <File Path=".github/skills/rate-limiting-aspnetcore/SKILL.md" />
    <File Path=".github/skills/realtime-communication-bundle/SKILL.md" />
    <File Path=".github/skills/reconciliation-patterns/SKILL.md" />
    <File Path=".github/skills/redis-patterns-dotnet/SKILL.md" />
    <File Path=".github/skills/refactor/SKILL.md" />
    <File Path=".github/skills/repository-unitofwork-efcore/references/examples.md" />
    <File Path=".github/skills/repository-unitofwork-efcore/SKILL.md" />
    <File Path=".github/skills/resolve-project-references/SKILL.md" />
    <File Path=".github/skills/result-types-dotnet/SKILL.md" />
    <File Path=".github/skills/rfc-7807-compliance/SKILL.md" />
    <File Path=".github/skills/rfc-8091-compliance/SKILL.md" />
    <File Path=".github/skills/rfc-8259-compliance/SKILL.md" />
    <File Path=".github/skills/rfc-8725-compliance/SKILL.md" />
    <File Path=".github/skills/rfc-9457-compliance/SKILL.md" />
    <File Path=".github/skills/rfc-fixes-bundle/references/rfc-7807.md" />
    <File Path=".github/skills/rfc-fixes-bundle/references/rfc-8091.md" />
    <File Path=".github/skills/rfc-fixes-bundle/references/rfc-8259.md" />
    <File Path=".github/skills/rfc-fixes-bundle/references/rfc-8725.md" />
    <File Path=".github/skills/rfc-fixes-bundle/references/rfc-9457.md" />
    <File Path=".github/skills/rfc-fixes-bundle/SKILL.md" />
    <File Path=".github/skills/roslyn-analyzer-authoring/references/analyzer-patterns.md" />
    <File Path=".github/skills/roslyn-analyzer-authoring/SKILL.md" />
    <File Path=".github/skills/roslyn-codefix-authoring/SKILL.md" />
    <File Path=".github/skills/roslyn-codegen-patterns/references/codegen-examples.md" />
    <File Path=".github/skills/roslyn-codegen-patterns/SKILL.md" />
    <File Path=".github/skills/roslyn-source-generator-authoring/references/generator-patterns.md" />
    <File Path=".github/skills/roslyn-source-generator-authoring/SKILL.md" />
    <File Path=".github/skills/run-tests/SKILL.md" />
    <File Path=".github/skills/saam-ontology/references/ontology-usage-guide.md" />
    <File Path=".github/skills/saam-ontology/SKILL.md" />
    <File Path=".github/skills/scalar-openapi-integration/SKILL.md" />
    <File Path=".github/skills/security-controller/references/compliance-reporting.md" />
    <File Path=".github/skills/security-controller/references/cwe-remediation-patterns.md" />
    <File Path=".github/skills/security-controller/references/sast-integration.md" />
    <File Path=".github/skills/security-controller/SKILL.md" />
    <File Path=".github/skills/semantic-data-bundle/SKILL.md" />
    <File Path=".github/skills/semantic-layer-fabric/SKILL.md" />
    <File Path=".github/skills/semantic-modeling-standards/SKILL.md" />
    <File Path=".github/skills/sidecar-roslyn-patterns/SKILL.md" />
    <File Path=".github/skills/signalr-patterns/references/examples.md" />
    <File Path=".github/skills/signalr-patterns/SKILL.md" />
    <File Path=".github/skills/skill-discovery-guide/references/bundle-router-index.md" />
    <File Path=".github/skills/skill-discovery-guide/references/complexity-index.md" />
    <File Path=".github/skills/skill-discovery-guide/references/cross-reference-matrix.md" />
    <File Path=".github/skills/skill-discovery-guide/references/inventory-by-category.md" />
    <File Path=".github/skills/skill-discovery-guide/SKILL.md" />
    <File Path=".github/skills/skill-lifecycle-controller/references/drift-detectors.md" />
    <File Path=".github/skills/skill-lifecycle-controller/references/routing-conflict-resolution.md" />
    <File Path=".github/skills/skill-lifecycle-controller/references/token-optimization-patterns.md" />
    <File Path=".github/skills/skill-lifecycle-controller/SKILL.md" />
    <File Path=".github/skills/skill-suite-optimization/references/audit-script.md" />
    <File Path=".github/skills/skill-suite-optimization/references/optimization-history.md" />
    <File Path=".github/skills/skill-suite-optimization/references/ste-validation-script.md" />
    <File Path=".github/skills/skill-suite-optimization/SKILL.md" />
    <File Path=".github/skills/solution-markdown-sync/SKILL.md" />
    <File Path=".github/skills/specification-pattern-dotnet/SKILL.md" />
    <File Path=".github/skills/structured-logging-serilog/SKILL.md" />
    <File Path=".github/skills/subagent-orchestration/SKILL.md" />
    <File Path=".github/skills/subledger-reconciliation-patterns/references/reconciliation-implementation.md" />
    <File Path=".github/skills/subledger-reconciliation-patterns/SKILL.md" />
    <File Path=".github/skills/target-authoring/SKILL.md" />
    <File Path=".github/skills/tax-accounting-patterns/references/tax-implementation.md" />
    <File Path=".github/skills/tax-accounting-patterns/SKILL.md" />
    <File Path=".github/skills/technology-selection/SKILL.md" />
    <File Path=".github/skills/terminology-normalization/SKILL.md" />
    <File Path=".github/skills/test-analysis-extensions/extensions/cpp.md" />
    <File Path=".github/skills/test-analysis-extensions/extensions/dotnet.md" />
    <File Path=".github/skills/test-analysis-extensions/extensions/go.md" />
    <File Path=".github/skills/test-analysis-extensions/extensions/java.md" />
    <File Path=".github/skills/test-analysis-extensions/extensions/kotlin.md" />
    <File Path=".github/skills/test-analysis-extensions/extensions/powershell.md" />
    <File Path=".github/skills/test-analysis-extensions/extensions/python.md" />
    <File Path=".github/skills/test-analysis-extensions/extensions/ruby.md" />
    <File Path=".github/skills/test-analysis-extensions/extensions/rust.md" />
    <File Path=".github/skills/test-analysis-extensions/extensions/swift.md" />
    <File Path=".github/skills/test-analysis-extensions/extensions/typescript.md" />
    <File Path=".github/skills/test-analysis-extensions/SKILL.md" />
    <File Path=".github/skills/test-anti-patterns/SKILL.md" />
    <File Path=".github/skills/test-fixes-bundle/SKILL.md" />
    <File Path=".github/skills/test-fixes/extensions/dotnet.md" />
    <File Path=".github/skills/test-fixes/extensions/powershell.md" />
    <File Path=".github/skills/test-fixes/extensions/python.md" />
    <File Path=".github/skills/test-fixes/extensions/typescript.md" />
    <File Path=".github/skills/test-fixes/references/test-analysis-routing-table.md" />
    <File Path=".github/skills/test-fixes/SKILL.md" />
    <File Path=".github/skills/test-gap-analysis/references/mutation-catalog.md" />
    <File Path=".github/skills/test-gap-analysis/SKILL.md" />
    <File Path=".github/skills/test-modernization-controller/references/analyzer-remediation-patterns.md" />
    <File Path=".github/skills/test-modernization-controller/references/mstest-migration-guide.md" />
    <File Path=".github/skills/test-modernization-controller/SKILL.md" />
    <File Path=".github/skills/test-smell-detection/references/test-smell-catalog.md" />
    <File Path=".github/skills/test-smell-detection/SKILL.md" />
    <File Path=".github/skills/test-tagging/SKILL.md" />
    <File Path=".github/skills/thread-abort-migration/SKILL.md" />
    <File Path=".github/skills/transaction-duplication-detection/SKILL.md" />
    <File Path=".github/skills/ui-accessibility-standards/SKILL.md" />
    <File Path=".github/skills/ui-design-principles/SKILL.md" />
    <File Path=".github/skills/ui-testing-patterns/SKILL.md" />
    <File Path=".github/skills/uwp-patterns/SKILL.md" />
    <File Path=".github/skills/validation-mvvm/SKILL.md" />
    <File Path=".github/skills/vbd-advanced-design/SKILL.md" />
    <File Path=".github/skills/vbd-architecture-conformance/SKILL.md" />
    <File Path=".github/skills/vbd-artifact-automation/SKILL.md" />
    <File Path=".github/skills/vbd-boundary-contract-mapping/SKILL.md" />
    <File Path=".github/skills/vbd-candidate-estimation/SKILL.md" />
    <File Path=".github/skills/vbd-change-simulation/SKILL.md" />
    <File Path=".github/skills/vbd-contract-first-construction/SKILL.md" />
    <File Path=".github/skills/vbd-cutover-migration/SKILL.md" />
    <File Path=".github/skills/vbd-drift-analyzer-design/SKILL.md" />
    <File Path=".github/skills/vbd-evidence-quality/SKILL.md" />
    <File Path=".github/skills/vbd-modernization-portfolio/SKILL.md" />
    <File Path=".github/skills/vbd-operational-contracts/SKILL.md" />
    <File Path=".github/skills/vbd-phased-modernization/SKILL.md" />
    <File Path=".github/skills/vbd-symbolic-mapping/SKILL.md" />
    <File Path=".github/skills/vbd-system-design/SKILL.md" />
    <File Path=".github/skills/vbd-use-case-migration/SKILL.md" />
    <File Path=".github/skills/vbd-use-case-reconstruction/SKILL.md" />
    <File Path=".github/skills/viewmodel-lifecycle/references/platform-hooks.md" />
    <File Path=".github/skills/viewmodel-lifecycle/SKILL.md" />
    <File Path=".github/skills/vue3-component-library-design/references/fluent2-implementation-patterns.md" />
    <File Path=".github/skills/vue3-component-library-design/SKILL.md" />
    <File Path=".github/skills/vue3-e2e-testing-playwright/SKILL.md" />
    <File Path=".github/skills/vue3-msal-authentication/SKILL.md" />
    <File Path=".github/skills/vue3-pinia-state-management/SKILL.md" />
    <File Path=".github/skills/vue3-webapp-setup/SKILL.md" />
    <File Path=".github/skills/wa-state-afrs/references/afrs-file-formats.md" />
    <File Path=".github/skills/wa-state-afrs/references/afrs-file-specifications.md" />
    <File Path=".github/skills/wa-state-afrs/references/afrs-transaction-codes.md" />
    <File Path=".github/skills/wa-state-afrs/SKILL.md" />
    <File Path=".github/skills/wa-state-cams/references/cams-reference.md" />
    <File Path=".github/skills/wa-state-cams/SKILL.md" />
    <File Path=".github/skills/wa-state-fems/references/fems-reference.md" />
    <File Path=".github/skills/wa-state-fems/SKILL.md" />
    <File Path=".github/skills/wa-state-fiscal-policies/references/policy-reference.md" />
    <File Path=".github/skills/wa-state-fiscal-policies/SKILL.md" />
    <File Path=".github/skills/wa-state-saam/references/policy-reference.md" />
    <File Path=".github/skills/wa-state-saam/references/saam-chapters.md" />
    <File Path=".github/skills/wa-state-saam/references/wa-state-fund-reference.md" />
    <File Path=".github/skills/wa-state-saam/SKILL.md" />
    <File Path=".github/skills/wa-state-systems-bundle/SKILL.md" />
    <File Path=".github/skills/wa-state-trains/SKILL.md" />
    <File Path=".github/skills/webapi-authz-hardening/SKILL.md" />
    <File Path=".github/skills/webapi-compatibility-migration/SKILL.md" />
    <File Path=".github/skills/webapi-error-contract-hardening/SKILL.md" />
    <File Path=".github/skills/webapi-hardening-controller/references/authz-hardening.md" />
    <File Path=".github/skills/webapi-hardening-controller/references/compatibility-migration.md" />
    <File Path=".github/skills/webapi-hardening-controller/references/error-contract-hardening.md" />
    <File Path=".github/skills/webapi-hardening-controller/references/input-validation-hardening.md" />
    <File Path=".github/skills/webapi-hardening-controller/references/openapi-generation.md" />
    <File Path=".github/skills/webapi-hardening-controller/references/rest-route-standardization.md" />
    <File Path=".github/skills/webapi-hardening-controller/SKILL.md" />
    <File Path=".github/skills/webapi-input-validation/SKILL.md" />
    <File Path=".github/skills/webapi-module-consolidation/SKILL.md" />
    <File Path=".github/skills/webapi-rest-route-standardization/SKILL.md" />
    <File Path=".github/skills/webapp-consolidation-strategy/SKILL.md" />
    <File Path=".github/skills/webapp-cutover-strategy/SKILL.md" />
    <File Path=".github/skills/webapp-frontend-security/SKILL.md" />
    <File Path=".github/skills/webapp-to-wpf-migration/SKILL.md" />
    <File Path=".github/skills/webjobs-authoring/SKILL.md" />
    <File Path=".github/skills/windows-ai-apis/SKILL.md" />
    <File Path=".github/skills/windows-ai-foundry-local/SKILL.md" />
    <File Path=".github/skills/windows-ai-mcp-integration/references/connector-examples.md" />
    <File Path=".github/skills/windows-ai-mcp-integration/SKILL.md" />
    <File Path=".github/skills/winui3-patterns/references/fluent2-implementation-patterns.md" />
    <File Path=".github/skills/winui3-patterns/SKILL.md" />
    <File Path=".github/skills/wpf-fluent-ui/references/fluent2-implementation-patterns.md" />
    <File Path=".github/skills/wpf-fluent-ui/SKILL.md" />
    <File Path=".github/skills/wpf-mvvm-implementation/SKILL.md" />
    <File Path=".github/skills/wpf-project-setup/SKILL.md" />
    <File Path=".github/skills/wpf-rest-client-integration/SKILL.md" />
    <File Path=".github/skills/wpf-screen-generation/SKILL.md" />
    <File Path=".github/skills/wpf-testing-patterns/SKILL.md" />
    <File Path=".github/skills/writing-mstest-tests/references/examples.md" />
    <File Path=".github/skills/writing-mstest-tests/SKILL.md" />
    <File Path=".github/skills/xml-schema-inference/SKILL.md" />
    <File Path=".github/skills/zip-batch-analysis/SKILL.md" />
  </Folder>
  <Folder Name="/.github/ITEM-TEMPLATE/">
    <File Path=".github/ISSUE-TEMPLATE/radar-change-proposal.md" />
  </Folder>
  <Folder Name="/.github/workflows/">
    <File Path=".github/workflows/publish.yml" />
    <File Path=".github/workflows/update_changelog.yml" />
    <File Path="verify-copilot-instructions.yml" />
  </Folder>
  <Folder Name="/.json/" />
  <Folder Name="/.json/schemas/">
    <File Path=".json/schemas/queryfilter.schema.json" />
  </Folder>
  <Folder Name="/.nuget/" />
  <Folder Name="/.nuget/NuGet/">
    <File Path=".nuget/NuGet/NuGet.config" />
  </Folder>
  <Folder Name="/docs/">
    <Project Path="docs/docs.csproj" />
  </Folder>
  <Folder Name="/performance/">
    <Project Path="performance/vc.Ifx.Core.Benchmarks/vc.Ifx.Core.Benchmarks.csproj" />
    <Project Path="performance/vc.Ifx.Filtering.Benchmarks/vc.Ifx.Filtering.Benchmarks.csproj" />
    <Project Path="performance/vc.Ifx.Proxy.Benchmarks/vc.Ifx.Proxy.Benchmarks.csproj" />
    <Project Path="performance/vc.Ifx.Storage.Benchmarks/vc.Ifx.Storage.Benchmarks.csproj" />
  </Folder>
  <Folder Name="/Solution Items/">
    <File Path=".copilotignore" />
    <File Path=".editorconfig" />
    <File Path=".gitignore" />
    <File Path="Directory.Build.props" />
    <File Path="Directory.Build.targets" />
    <File Path="Directory.Packages.props" />
    <File Path="LICENSE" />
    <File Path="README.md" />
  </Folder>
  <Folder Name="/src/">
    <Project Path="src/vc.Ifx.Abstractions/vc.Ifx.Abstractions.csproj" />
    <Project Path="src/vc.Ifx.Analyzers/vc.Ifx.Analyzers.csproj" />
    <Project Path="src/vc.Ifx.CodeFixes/vc.Ifx.CodeFixes.csproj" />
    <Project Path="src/vc.Ifx.Data.Azure.Tables/vc.Ifx.Data.Azure.Tables.csproj" />
    <Project Path="src/vc.Ifx.Filtering/vc.Ifx.Filtering.csproj" />
    <Project Path="src/vc.Ifx.Filtering.EntityFrameworkCore/vc.Ifx.Filtering.EntityFrameworkCore.csproj" />
    <Project Path="src/vc.Ifx.Generators/vc.Ifx.Generators.csproj" />
    <Project Path="src/vc.Ifx.Generators.Abstractions/vc.Ifx.Generators.Abstractions.csproj" />
    <Project Path="src/vc.Ifx.Messaging.Azure.Queues/vc.Ifx.Messaging.Azure.Queues.csproj" />
    <Project Path="src/vc.Ifx.Observability/vc.Ifx.Observability.csproj" />
    <Project Path="src/vc.Ifx.Pipeline/vc.Ifx.Pipeline.csproj" />
    <Project Path="src/vc.Ifx.Pipeline.Grpc/vc.Ifx.Pipeline.Grpc.csproj" />
    <Project Path="src/vc.Ifx.Primitives/vc.Ifx.Primitives.csproj" />
    <Project Path="src/vc.Ifx.Proxy/vc.Ifx.Proxy.csproj" />
    <Project Path="src/vc.Ifx.Proxy.AspNetCore/vc.Ifx.Proxy.AspNetCore.csproj" />
    <Project Path="src/vc.Ifx.Proxy.Http/vc.Ifx.Proxy.Http.csproj" />
    <Project Path="src/vc.Ifx.Querying/vc.Ifx.Querying.csproj" />
    <Project Path="src/vc.Ifx.Roslyn/vc.Ifx.Roslyn.csproj" />
    <Project Path="src/vc.Ifx.Roslyn.Reporting/vc.Ifx.Roslyn.Reporting.csproj" />
    <Project Path="src/vc.Ifx.Secrets.Abstractions/vc.Ifx.Secrets.Abstractions.csproj" />
    <Project Path="src/vc.Ifx.Secrets.Azure.KeyVault/vc.Ifx.Secrets.Azure.KeyVault.csproj" />
    <Project Path="src/vc.Ifx.Secrets.Local/vc.Ifx.Secrets.Local.csproj" />
    <Project Path="src/vc.Ifx.Storage.Abstractions/vc.Ifx.Storage.Abstractions.csproj" />
    <Project Path="src/vc.Ifx.Storage.Azure.Blobs/vc.Ifx.Storage.Azure.Blobs.csproj" />
    <Project Path="src/vc.Ifx.Storage.Ftp/vc.Ifx.Storage.Ftp.csproj" />
    <Project Path="src/vc.Ifx.Storage.Local/vc.Ifx.Storage.Local.csproj" />
    <Project Path="src/vc.Ifx.WebApi/vc.Ifx.WebApi.csproj" />
    <Project Path="src/vc.Ifx/vc.Ifx.csproj" />
  </Folder>
  <Folder Name="/tests/">
    <Project Path="tests/integration/vc.Ifx.IntegrationTests/vc.Ifx.IntegrationTests.csproj" />
    <Project Path="tests/unit/vc.Ifx.UnitTests/vc.Ifx.UnitTests.csproj" />
  </Folder>
  <Folder Name="/scripts/reporting/">
    <Project Path="scripts/reporting/FrameworkReport.Host.csproj" />
  </Folder>
</Solution>
