
Microsoft Visual Studio Solution File, Format Version 12.00
# Visual Studio Version 17
VisualStudioVersion = 17.1.32210.238
MinimumVisualStudioVersion = 10.0.40219.1
Project("{2150E333-8FDC-42A3-9474-1A3956D46DE8}") = "Solution Items", "Solution Items", "{CF68B68C-8A91-4020-AA05-C6862858DAB7}"
	ProjectSection(SolutionItems) = preProject
		.gitignore = .gitignore
		LICENSE = LICENSE
		README.md = README.md
	EndProjectSection
EndProject
Project("{9A19103F-16F7-4668-BE54-9A1E7A4F7556}") = "Ifx", "Ifx\Ifx.csproj", "{82116DE9-E676-4923-9C93-9680490BCFA7}"
EndProject
Project("{2150E333-8FDC-42A3-9474-1A3956D46DE8}") = "src", "src", "{94FEF38A-DA45-4CF1-A0DD-EA337586A1AF}"
EndProject
Project("{9A19103F-16F7-4668-BE54-9A1E7A4F7556}") = "Ifx.Cli", "Ifx.Cli\Ifx.Cli.csproj", "{FFF23EA5-9411-4134-BDE2-586C5C901E10}"
EndProject
Project("{9A19103F-16F7-4668-BE54-9A1E7A4F7556}") = "Ifx.Data", "Ifx.Data\Ifx.Data.csproj", "{50642992-AE73-441B-8065-5196BC835168}"
EndProject
Project("{FAE04EC0-301F-11D3-BF4B-00C04F79EFBC}") = "Ifx.Web.Security", "Ifx.Web.Security\Ifx.Web.Security.csproj", "{68E8C6A0-D9FF-49D5-9BA3-3B8C4A2E3532}"
EndProject
Project("{FAE04EC0-301F-11D3-BF4B-00C04F79EFBC}") = "Ifx.Web.Api", "Ifx.Web.Api\Ifx.Web.Api.csproj", "{1F572CE3-7D7E-429D-8D47-DA9F98E7E788}"
EndProject
Project("{FAE04EC0-301F-11D3-BF4B-00C04F79EFBC}") = "Ifx.Data.Azure", "Ifx.Data.Azure\Ifx.Data.Azure.csproj", "{373D69C2-04E2-4B5A-B895-7CAEE59F8C42}"
EndProject
Project("{FAE04EC0-301F-11D3-BF4B-00C04F79EFBC}") = "Ifx.Storage.Azure", "Ifx.Storage.Azure\Ifx.Storage.Azure.csproj", "{677E5E32-DCAA-4668-ACB0-441A4D05A107}"
EndProject
Project("{FAE04EC0-301F-11D3-BF4B-00C04F79EFBC}") = "Ifx.Storage", "Ifx.Storage\Ifx.Storage.csproj", "{A196A9AF-7344-4EBA-A411-1F9A45DE9508}"
EndProject
Global
	GlobalSection(SolutionConfigurationPlatforms) = preSolution
		Debug|Any CPU = Debug|Any CPU
		Release|Any CPU = Release|Any CPU
	EndGlobalSection
	GlobalSection(ProjectConfigurationPlatforms) = postSolution
		{82116DE9-E676-4923-9C93-9680490BCFA7}.Debug|Any CPU.ActiveCfg = Debug|Any CPU
		{82116DE9-E676-4923-9C93-9680490BCFA7}.Debug|Any CPU.Build.0 = Debug|Any CPU
		{82116DE9-E676-4923-9C93-9680490BCFA7}.Release|Any CPU.ActiveCfg = Release|Any CPU
		{82116DE9-E676-4923-9C93-9680490BCFA7}.Release|Any CPU.Build.0 = Release|Any CPU
		{FFF23EA5-9411-4134-BDE2-586C5C901E10}.Debug|Any CPU.ActiveCfg = Debug|Any CPU
		{FFF23EA5-9411-4134-BDE2-586C5C901E10}.Debug|Any CPU.Build.0 = Debug|Any CPU
		{FFF23EA5-9411-4134-BDE2-586C5C901E10}.Release|Any CPU.ActiveCfg = Release|Any CPU
		{FFF23EA5-9411-4134-BDE2-586C5C901E10}.Release|Any CPU.Build.0 = Release|Any CPU
		{50642992-AE73-441B-8065-5196BC835168}.Debug|Any CPU.ActiveCfg = Debug|Any CPU
		{50642992-AE73-441B-8065-5196BC835168}.Debug|Any CPU.Build.0 = Debug|Any CPU
		{50642992-AE73-441B-8065-5196BC835168}.Release|Any CPU.ActiveCfg = Release|Any CPU
		{50642992-AE73-441B-8065-5196BC835168}.Release|Any CPU.Build.0 = Release|Any CPU
		{68E8C6A0-D9FF-49D5-9BA3-3B8C4A2E3532}.Debug|Any CPU.ActiveCfg = Debug|Any CPU
		{68E8C6A0-D9FF-49D5-9BA3-3B8C4A2E3532}.Debug|Any CPU.Build.0 = Debug|Any CPU
		{68E8C6A0-D9FF-49D5-9BA3-3B8C4A2E3532}.Release|Any CPU.ActiveCfg = Release|Any CPU
		{68E8C6A0-D9FF-49D5-9BA3-3B8C4A2E3532}.Release|Any CPU.Build.0 = Release|Any CPU
		{1F572CE3-7D7E-429D-8D47-DA9F98E7E788}.Debug|Any CPU.ActiveCfg = Debug|Any CPU
		{1F572CE3-7D7E-429D-8D47-DA9F98E7E788}.Debug|Any CPU.Build.0 = Debug|Any CPU
		{1F572CE3-7D7E-429D-8D47-DA9F98E7E788}.Release|Any CPU.ActiveCfg = Release|Any CPU
		{1F572CE3-7D7E-429D-8D47-DA9F98E7E788}.Release|Any CPU.Build.0 = Release|Any CPU
		{373D69C2-04E2-4B5A-B895-7CAEE59F8C42}.Debug|Any CPU.ActiveCfg = Debug|Any CPU
		{373D69C2-04E2-4B5A-B895-7CAEE59F8C42}.Debug|Any CPU.Build.0 = Debug|Any CPU
		{373D69C2-04E2-4B5A-B895-7CAEE59F8C42}.Release|Any CPU.ActiveCfg = Release|Any CPU
		{373D69C2-04E2-4B5A-B895-7CAEE59F8C42}.Release|Any CPU.Build.0 = Release|Any CPU
		{677E5E32-DCAA-4668-ACB0-441A4D05A107}.Debug|Any CPU.ActiveCfg = Debug|Any CPU
		{677E5E32-DCAA-4668-ACB0-441A4D05A107}.Debug|Any CPU.Build.0 = Debug|Any CPU
		{677E5E32-DCAA-4668-ACB0-441A4D05A107}.Release|Any CPU.ActiveCfg = Release|Any CPU
		{677E5E32-DCAA-4668-ACB0-441A4D05A107}.Release|Any CPU.Build.0 = Release|Any CPU
		{A196A9AF-7344-4EBA-A411-1F9A45DE9508}.Debug|Any CPU.ActiveCfg = Debug|Any CPU
		{A196A9AF-7344-4EBA-A411-1F9A45DE9508}.Debug|Any CPU.Build.0 = Debug|Any CPU
		{A196A9AF-7344-4EBA-A411-1F9A45DE9508}.Release|Any CPU.ActiveCfg = Release|Any CPU
		{A196A9AF-7344-4EBA-A411-1F9A45DE9508}.Release|Any CPU.Build.0 = Release|Any CPU
	EndGlobalSection
	GlobalSection(SolutionProperties) = preSolution
		HideSolutionNode = FALSE
	EndGlobalSection
	GlobalSection(NestedProjects) = preSolution
		{82116DE9-E676-4923-9C93-9680490BCFA7} = {94FEF38A-DA45-4CF1-A0DD-EA337586A1AF}
		{FFF23EA5-9411-4134-BDE2-586C5C901E10} = {94FEF38A-DA45-4CF1-A0DD-EA337586A1AF}
		{50642992-AE73-441B-8065-5196BC835168} = {94FEF38A-DA45-4CF1-A0DD-EA337586A1AF}
		{68E8C6A0-D9FF-49D5-9BA3-3B8C4A2E3532} = {94FEF38A-DA45-4CF1-A0DD-EA337586A1AF}
		{1F572CE3-7D7E-429D-8D47-DA9F98E7E788} = {94FEF38A-DA45-4CF1-A0DD-EA337586A1AF}
		{373D69C2-04E2-4B5A-B895-7CAEE59F8C42} = {94FEF38A-DA45-4CF1-A0DD-EA337586A1AF}
		{677E5E32-DCAA-4668-ACB0-441A4D05A107} = {94FEF38A-DA45-4CF1-A0DD-EA337586A1AF}
		{A196A9AF-7344-4EBA-A411-1F9A45DE9508} = {94FEF38A-DA45-4CF1-A0DD-EA337586A1AF}
	EndGlobalSection
	GlobalSection(ExtensibilityGlobals) = postSolution
		SolutionGuid = {E278ADA2-B7D4-46F5-91C8-988E8CB3B734}
	EndGlobalSection
EndGlobal
