
Microsoft Visual Studio Solution File, Format Version 12.00
# Visual Studio Version 17
VisualStudioVersion = 17.1.32210.238
MinimumVisualStudioVersion = 10.0.40219.1
Project("{2150E333-8FDC-42A3-9474-1A3956D46DE8}") = "Solution Items", "Solution Items", "{CF68B68C-8A91-4020-AA05-C6862858DAB7}"
	ProjectSection(SolutionItems) = preProject
		.gitignore = .gitignore
		.github\copilot-instructions.md = .github\copilot-instructions.md
		Directory.Build.props = Directory.Build.props
		LICENSE = LICENSE
		README.md = README.md
	EndProjectSection
EndProject
Project("{2150E333-8FDC-42A3-9474-1A3956D46DE8}") = "src", "src", "{94FEF38A-DA45-4CF1-A0DD-EA337586A1AF}"
EndProject
Project("{2150E333-8FDC-42A3-9474-1A3956D46DE8}") = "Ifx", "Ifx", "{833C6CFC-903B-4DAD-BD57-AE9892D7952B}"
EndProject
Project("{9A19103F-16F7-4668-BE54-9A1E7A4F7556}") = "Ifx.Cli", "src\Ifx.Cli\Ifx.Cli.csproj", "{DD39C359-FAD1-4AE8-8C75-EEED5DF7319F}"
EndProject
Project("{9A19103F-16F7-4668-BE54-9A1E7A4F7556}") = "Ifx.Data.Azure", "src\Ifx.Data.Azure\Ifx.Data.Azure.csproj", "{B252A51E-C7A6-4D87-828E-5F57C6D01BBF}"
EndProject
Project("{9A19103F-16F7-4668-BE54-9A1E7A4F7556}") = "Ifx.Data.SqlServer", "src\Ifx.Data.SqlServer\Ifx.Data.SqlServer.csproj", "{FCD7EC42-29A5-4EB7-A426-D4B6449B5DD3}"
EndProject
Project("{2150E333-8FDC-42A3-9474-1A3956D46DE8}") = "gfx", "gfx", "{A4A8A811-8D17-4D10-9375-7967B20C155C}"
	ProjectSection(SolutionItems) = preProject
		gfx\mobius31.jpg = gfx\mobius31.jpg
	EndProjectSection
EndProject
Project("{2150E333-8FDC-42A3-9474-1A3956D46DE8}") = "tests", "tests", "{2CF74C4F-D1D6-45E3-9AF6-AFCCD1E64665}"
EndProject
Project("{2150E333-8FDC-42A3-9474-1A3956D46DE8}") = "UnitTests", "UnitTests", "{07A1AB58-4051-4B75-99A0-3A2DC48458E3}"
EndProject
Project("{9A19103F-16F7-4668-BE54-9A1E7A4F7556}") = "Ifx.UnitTests", "tests\UnitTests\Ifx.UnitTests\Ifx.UnitTests.csproj", "{3A012DB3-D0BF-4084-AB33-CBBEC8C5779F}"
EndProject
Project("{9A19103F-16F7-4668-BE54-9A1E7A4F7556}") = "Ifx.Cli.UnitTests", "tests\UnitTests\Ifx.Cli.UnitTests\Ifx.Cli.UnitTests.csproj", "{7D5AED2D-8DDF-4154-AF75-DDBC103C48FD}"
EndProject
Project("{9A19103F-16F7-4668-BE54-9A1E7A4F7556}") = "Ifx.Data.Azure.UnitTests", "tests\UnitTests\Ifx.Data.Azure.UnitTests\Ifx.Data.Azure.UnitTests.csproj", "{C8D7C6C8-FA9E-4901-A2C3-CD40E2024B46}"
EndProject
Project("{9A19103F-16F7-4668-BE54-9A1E7A4F7556}") = "Ifx.Data.SqlServer.UnitTests", "tests\UnitTests\Ifx.Data.SqlServer.UnitTests\Ifx.Data.SqlServer.UnitTests.csproj", "{C92AC4CC-46D0-435C-BA67-BCFA6F6C013E}"
EndProject
Project("{9A19103F-16F7-4668-BE54-9A1E7A4F7556}") = "Ifx.Data", "src\Ifx.Data\Ifx.Data.csproj", "{B3752461-0B17-4535-8952-24890DA21D07}"
EndProject
Project("{9A19103F-16F7-4668-BE54-9A1E7A4F7556}") = "Ifx.Data.UnitTests", "tests\UnitTests\Ifx.Data.UnitTests\Ifx.Data.UnitTests.csproj", "{442981C3-C395-44F8-B417-257DBBA3DCBF}"
EndProject
Project("{9A19103F-16F7-4668-BE54-9A1E7A4F7556}") = "Ifx.Web", "src\Ifx.Web\Ifx.Web.csproj", "{E1ED3AFB-751D-4AEE-BCE6-7E41D3DB1BC3}"
EndProject
Project("{2150E333-8FDC-42A3-9474-1A3956D46DE8}") = "IntegrationTests", "IntegrationTests", "{8C137A06-BB87-46B4-B95B-A48E5E1EC50C}"
EndProject
Project("{9A19103F-16F7-4668-BE54-9A1E7A4F7556}") = "Ifx", "src\Ifx\Ifx.csproj", "{143DFD70-E302-47EB-A029-9A5736B9EB13}"
EndProject
Project("{2150E333-8FDC-42A3-9474-1A3956D46DE8}") = "docs", "docs", "{E165AD4E-B578-4CE8-8CE4-CBB748D02F7A}"
	ProjectSection(SolutionItems) = preProject
		docs\Apps.zip = docs\Apps.zip
	EndProjectSection
EndProject
Project("{FAE04EC0-301F-11D3-BF4B-00C04F79EFBC}") = "Ifx.Logging", "src\Ifx.Logging\Ifx.Logging.csproj", "{9FE786C5-888D-5F9F-1B64-C9F225E979C6}"
EndProject
Project("{FAE04EC0-301F-11D3-BF4B-00C04F79EFBC}") = "Ifx.Services", "src\Ifx.Services\Ifx.Services.csproj", "{CC354414-477C-4DAF-B43B-50630C27929D}"
EndProject
Project("{FAE04EC0-301F-11D3-BF4B-00C04F79EFBC}") = "Ifx.Services.Messaging", "src\Ifx.Services.Messaging\Ifx.Services.Messaging.csproj", "{708E411A-43A3-484A-970E-DABF9CF9D258}"
EndProject
Project("{FAE04EC0-301F-11D3-BF4B-00C04F79EFBC}") = "Ifx.Filtering.EFCore", "src\Ifx.Filtering.EFCore\Ifx.Filtering.EFCore.csproj", "{94FF52B5-5BEB-48C3-8B8B-97F8653B14B3}"
EndProject
Project("{FAE04EC0-301F-11D3-BF4B-00C04F79EFBC}") = "Ifx.Filtering", "src\Ifx.Filtering\Ifx.Filtering.csproj", "{BFB5A51E-3EA3-8014-07B5-6AFA44B2A001}"
EndProject
Global
	GlobalSection(SolutionConfigurationPlatforms) = preSolution
		Debug|Any CPU = Debug|Any CPU
		Release|Any CPU = Release|Any CPU
	EndGlobalSection
	GlobalSection(ProjectConfigurationPlatforms) = postSolution
		{DD39C359-FAD1-4AE8-8C75-EEED5DF7319F}.Debug|Any CPU.ActiveCfg = Debug|Any CPU
		{DD39C359-FAD1-4AE8-8C75-EEED5DF7319F}.Debug|Any CPU.Build.0 = Debug|Any CPU
		{DD39C359-FAD1-4AE8-8C75-EEED5DF7319F}.Release|Any CPU.ActiveCfg = Release|Any CPU
		{DD39C359-FAD1-4AE8-8C75-EEED5DF7319F}.Release|Any CPU.Build.0 = Release|Any CPU
		{B252A51E-C7A6-4D87-828E-5F57C6D01BBF}.Debug|Any CPU.ActiveCfg = Debug|Any CPU
		{B252A51E-C7A6-4D87-828E-5F57C6D01BBF}.Debug|Any CPU.Build.0 = Debug|Any CPU
		{B252A51E-C7A6-4D87-828E-5F57C6D01BBF}.Release|Any CPU.ActiveCfg = Release|Any CPU
		{B252A51E-C7A6-4D87-828E-5F57C6D01BBF}.Release|Any CPU.Build.0 = Release|Any CPU
		{FCD7EC42-29A5-4EB7-A426-D4B6449B5DD3}.Debug|Any CPU.ActiveCfg = Debug|Any CPU
		{FCD7EC42-29A5-4EB7-A426-D4B6449B5DD3}.Debug|Any CPU.Build.0 = Debug|Any CPU
		{FCD7EC42-29A5-4EB7-A426-D4B6449B5DD3}.Release|Any CPU.ActiveCfg = Release|Any CPU
		{FCD7EC42-29A5-4EB7-A426-D4B6449B5DD3}.Release|Any CPU.Build.0 = Release|Any CPU
		{3A012DB3-D0BF-4084-AB33-CBBEC8C5779F}.Debug|Any CPU.ActiveCfg = Debug|Any CPU
		{3A012DB3-D0BF-4084-AB33-CBBEC8C5779F}.Debug|Any CPU.Build.0 = Debug|Any CPU
		{3A012DB3-D0BF-4084-AB33-CBBEC8C5779F}.Release|Any CPU.ActiveCfg = Release|Any CPU
		{3A012DB3-D0BF-4084-AB33-CBBEC8C5779F}.Release|Any CPU.Build.0 = Release|Any CPU
		{7D5AED2D-8DDF-4154-AF75-DDBC103C48FD}.Debug|Any CPU.ActiveCfg = Debug|Any CPU
		{7D5AED2D-8DDF-4154-AF75-DDBC103C48FD}.Debug|Any CPU.Build.0 = Debug|Any CPU
		{7D5AED2D-8DDF-4154-AF75-DDBC103C48FD}.Release|Any CPU.ActiveCfg = Release|Any CPU
		{7D5AED2D-8DDF-4154-AF75-DDBC103C48FD}.Release|Any CPU.Build.0 = Release|Any CPU
		{C8D7C6C8-FA9E-4901-A2C3-CD40E2024B46}.Debug|Any CPU.ActiveCfg = Debug|Any CPU
		{C8D7C6C8-FA9E-4901-A2C3-CD40E2024B46}.Debug|Any CPU.Build.0 = Debug|Any CPU
		{C8D7C6C8-FA9E-4901-A2C3-CD40E2024B46}.Release|Any CPU.ActiveCfg = Release|Any CPU
		{C8D7C6C8-FA9E-4901-A2C3-CD40E2024B46}.Release|Any CPU.Build.0 = Release|Any CPU
		{C92AC4CC-46D0-435C-BA67-BCFA6F6C013E}.Debug|Any CPU.ActiveCfg = Debug|Any CPU
		{C92AC4CC-46D0-435C-BA67-BCFA6F6C013E}.Debug|Any CPU.Build.0 = Debug|Any CPU
		{C92AC4CC-46D0-435C-BA67-BCFA6F6C013E}.Release|Any CPU.ActiveCfg = Release|Any CPU
		{C92AC4CC-46D0-435C-BA67-BCFA6F6C013E}.Release|Any CPU.Build.0 = Release|Any CPU
		{B3752461-0B17-4535-8952-24890DA21D07}.Debug|Any CPU.ActiveCfg = Debug|Any CPU
		{B3752461-0B17-4535-8952-24890DA21D07}.Debug|Any CPU.Build.0 = Debug|Any CPU
		{B3752461-0B17-4535-8952-24890DA21D07}.Release|Any CPU.ActiveCfg = Release|Any CPU
		{B3752461-0B17-4535-8952-24890DA21D07}.Release|Any CPU.Build.0 = Release|Any CPU
		{442981C3-C395-44F8-B417-257DBBA3DCBF}.Debug|Any CPU.ActiveCfg = Debug|Any CPU
		{442981C3-C395-44F8-B417-257DBBA3DCBF}.Debug|Any CPU.Build.0 = Debug|Any CPU
		{442981C3-C395-44F8-B417-257DBBA3DCBF}.Release|Any CPU.ActiveCfg = Release|Any CPU
		{442981C3-C395-44F8-B417-257DBBA3DCBF}.Release|Any CPU.Build.0 = Release|Any CPU
		{E1ED3AFB-751D-4AEE-BCE6-7E41D3DB1BC3}.Debug|Any CPU.ActiveCfg = Debug|Any CPU
		{E1ED3AFB-751D-4AEE-BCE6-7E41D3DB1BC3}.Debug|Any CPU.Build.0 = Debug|Any CPU
		{E1ED3AFB-751D-4AEE-BCE6-7E41D3DB1BC3}.Release|Any CPU.ActiveCfg = Release|Any CPU
		{E1ED3AFB-751D-4AEE-BCE6-7E41D3DB1BC3}.Release|Any CPU.Build.0 = Release|Any CPU
		{143DFD70-E302-47EB-A029-9A5736B9EB13}.Debug|Any CPU.ActiveCfg = Debug|Any CPU
		{143DFD70-E302-47EB-A029-9A5736B9EB13}.Debug|Any CPU.Build.0 = Debug|Any CPU
		{143DFD70-E302-47EB-A029-9A5736B9EB13}.Release|Any CPU.ActiveCfg = Release|Any CPU
		{143DFD70-E302-47EB-A029-9A5736B9EB13}.Release|Any CPU.Build.0 = Release|Any CPU
		{9FE786C5-888D-5F9F-1B64-C9F225E979C6}.Debug|Any CPU.ActiveCfg = Debug|Any CPU
		{9FE786C5-888D-5F9F-1B64-C9F225E979C6}.Debug|Any CPU.Build.0 = Debug|Any CPU
		{9FE786C5-888D-5F9F-1B64-C9F225E979C6}.Release|Any CPU.ActiveCfg = Release|Any CPU
		{9FE786C5-888D-5F9F-1B64-C9F225E979C6}.Release|Any CPU.Build.0 = Release|Any CPU
		{CC354414-477C-4DAF-B43B-50630C27929D}.Debug|Any CPU.ActiveCfg = Debug|Any CPU
		{CC354414-477C-4DAF-B43B-50630C27929D}.Debug|Any CPU.Build.0 = Debug|Any CPU
		{CC354414-477C-4DAF-B43B-50630C27929D}.Release|Any CPU.ActiveCfg = Release|Any CPU
		{CC354414-477C-4DAF-B43B-50630C27929D}.Release|Any CPU.Build.0 = Release|Any CPU
		{708E411A-43A3-484A-970E-DABF9CF9D258}.Debug|Any CPU.ActiveCfg = Debug|Any CPU
		{708E411A-43A3-484A-970E-DABF9CF9D258}.Debug|Any CPU.Build.0 = Debug|Any CPU
		{708E411A-43A3-484A-970E-DABF9CF9D258}.Release|Any CPU.ActiveCfg = Release|Any CPU
		{708E411A-43A3-484A-970E-DABF9CF9D258}.Release|Any CPU.Build.0 = Release|Any CPU
		{94FF52B5-5BEB-48C3-8B8B-97F8653B14B3}.Debug|Any CPU.ActiveCfg = Debug|Any CPU
		{94FF52B5-5BEB-48C3-8B8B-97F8653B14B3}.Debug|Any CPU.Build.0 = Debug|Any CPU
		{94FF52B5-5BEB-48C3-8B8B-97F8653B14B3}.Release|Any CPU.ActiveCfg = Release|Any CPU
		{94FF52B5-5BEB-48C3-8B8B-97F8653B14B3}.Release|Any CPU.Build.0 = Release|Any CPU
		{BFB5A51E-3EA3-8014-07B5-6AFA44B2A001}.Debug|Any CPU.ActiveCfg = Debug|Any CPU
		{BFB5A51E-3EA3-8014-07B5-6AFA44B2A001}.Debug|Any CPU.Build.0 = Debug|Any CPU
		{BFB5A51E-3EA3-8014-07B5-6AFA44B2A001}.Release|Any CPU.ActiveCfg = Release|Any CPU
		{BFB5A51E-3EA3-8014-07B5-6AFA44B2A001}.Release|Any CPU.Build.0 = Release|Any CPU
	EndGlobalSection
	GlobalSection(SolutionProperties) = preSolution
		HideSolutionNode = FALSE
	EndGlobalSection
	GlobalSection(NestedProjects) = preSolution
		{833C6CFC-903B-4DAD-BD57-AE9892D7952B} = {94FEF38A-DA45-4CF1-A0DD-EA337586A1AF}
		{DD39C359-FAD1-4AE8-8C75-EEED5DF7319F} = {833C6CFC-903B-4DAD-BD57-AE9892D7952B}
		{B252A51E-C7A6-4D87-828E-5F57C6D01BBF} = {833C6CFC-903B-4DAD-BD57-AE9892D7952B}
		{FCD7EC42-29A5-4EB7-A426-D4B6449B5DD3} = {833C6CFC-903B-4DAD-BD57-AE9892D7952B}
		{07A1AB58-4051-4B75-99A0-3A2DC48458E3} = {2CF74C4F-D1D6-45E3-9AF6-AFCCD1E64665}
		{3A012DB3-D0BF-4084-AB33-CBBEC8C5779F} = {07A1AB58-4051-4B75-99A0-3A2DC48458E3}
		{7D5AED2D-8DDF-4154-AF75-DDBC103C48FD} = {07A1AB58-4051-4B75-99A0-3A2DC48458E3}
		{C8D7C6C8-FA9E-4901-A2C3-CD40E2024B46} = {07A1AB58-4051-4B75-99A0-3A2DC48458E3}
		{C92AC4CC-46D0-435C-BA67-BCFA6F6C013E} = {07A1AB58-4051-4B75-99A0-3A2DC48458E3}
		{B3752461-0B17-4535-8952-24890DA21D07} = {833C6CFC-903B-4DAD-BD57-AE9892D7952B}
		{442981C3-C395-44F8-B417-257DBBA3DCBF} = {07A1AB58-4051-4B75-99A0-3A2DC48458E3}
		{E1ED3AFB-751D-4AEE-BCE6-7E41D3DB1BC3} = {833C6CFC-903B-4DAD-BD57-AE9892D7952B}
		{8C137A06-BB87-46B4-B95B-A48E5E1EC50C} = {2CF74C4F-D1D6-45E3-9AF6-AFCCD1E64665}
		{143DFD70-E302-47EB-A029-9A5736B9EB13} = {833C6CFC-903B-4DAD-BD57-AE9892D7952B}
		{9FE786C5-888D-5F9F-1B64-C9F225E979C6} = {833C6CFC-903B-4DAD-BD57-AE9892D7952B}
		{CC354414-477C-4DAF-B43B-50630C27929D} = {833C6CFC-903B-4DAD-BD57-AE9892D7952B}
		{708E411A-43A3-484A-970E-DABF9CF9D258} = {833C6CFC-903B-4DAD-BD57-AE9892D7952B}
		{94FF52B5-5BEB-48C3-8B8B-97F8653B14B3} = {833C6CFC-903B-4DAD-BD57-AE9892D7952B}
		{BFB5A51E-3EA3-8014-07B5-6AFA44B2A001} = {833C6CFC-903B-4DAD-BD57-AE9892D7952B}
	EndGlobalSection
	GlobalSection(ExtensibilityGlobals) = postSolution
		SolutionGuid = {E278ADA2-B7D4-46F5-91C8-988E8CB3B734}
	EndGlobalSection
EndGlobal
