Microsoft Visual Studio Solution File, Format Version 12.00
# Visual Studio Version 17
VisualStudioVersion = 17.5.2.0
MinimumVisualStudioVersion = 10.0.40219.1
Project("{FAE04EC0-301F-11D3-BF4B-00C04F79EFBC}") = "Utility.AuditLogging", "Utility.AuditLogging.csproj", "{1F43E1EF-B765-06AC-FDD7-EB80D6CE1B3C}"
EndProject
Project("{FAE04EC0-301F-11D3-BF4B-00C04F79EFBC}") = "Ifx", "..\src\Ifx\Ifx.csproj", "{B2195D8F-E8F1-7557-F23F-8EF4809A6A81}"
EndProject
Project("{FAE04EC0-301F-11D3-BF4B-00C04F79EFBC}") = "Ifx.UnitTests", "..\tests\UnitTests\Ifx.UnitTests\Ifx.UnitTests.csproj", "{37F056FA-59F3-67F1-9CFA-205E8DAA932A}"
EndProject
Global
	GlobalSection(SolutionConfigurationPlatforms) = preSolution
		Debug|Any CPU = Debug|Any CPU
		Release|Any CPU = Release|Any CPU
	EndGlobalSection
	GlobalSection(ProjectConfigurationPlatforms) = postSolution
		{1F43E1EF-B765-06AC-FDD7-EB80D6CE1B3C}.Debug|Any CPU.ActiveCfg = Debug|Any CPU
		{1F43E1EF-B765-06AC-FDD7-EB80D6CE1B3C}.Debug|Any CPU.Build.0 = Debug|Any CPU
		{1F43E1EF-B765-06AC-FDD7-EB80D6CE1B3C}.Release|Any CPU.ActiveCfg = Release|Any CPU
		{1F43E1EF-B765-06AC-FDD7-EB80D6CE1B3C}.Release|Any CPU.Build.0 = Release|Any CPU
		{B2195D8F-E8F1-7557-F23F-8EF4809A6A81}.Debug|Any CPU.ActiveCfg = Debug|Any CPU
		{B2195D8F-E8F1-7557-F23F-8EF4809A6A81}.Debug|Any CPU.Build.0 = Debug|Any CPU
		{B2195D8F-E8F1-7557-F23F-8EF4809A6A81}.Release|Any CPU.ActiveCfg = Release|Any CPU
		{B2195D8F-E8F1-7557-F23F-8EF4809A6A81}.Release|Any CPU.Build.0 = Release|Any CPU
		{37F056FA-59F3-67F1-9CFA-205E8DAA932A}.Debug|Any CPU.ActiveCfg = Debug|Any CPU
		{37F056FA-59F3-67F1-9CFA-205E8DAA932A}.Debug|Any CPU.Build.0 = Debug|Any CPU
		{37F056FA-59F3-67F1-9CFA-205E8DAA932A}.Release|Any CPU.ActiveCfg = Release|Any CPU
		{37F056FA-59F3-67F1-9CFA-205E8DAA932A}.Release|Any CPU.Build.0 = Release|Any CPU
	EndGlobalSection
	GlobalSection(SolutionProperties) = preSolution
		HideSolutionNode = FALSE
	EndGlobalSection
	GlobalSection(ExtensibilityGlobals) = postSolution
		SolutionGuid = {E0D25D3A-065B-4AD2-A737-05EA87487342}
	EndGlobalSection
EndGlobal
